{
  "name": "reader",
  "version": "0.0.0",
  "lockfileVersion": 1,
  "requires": true,
  "dependencies": {
    "@babel/parser": {
      "version": "7.15.8",
      "resolved": "https://registry.npmjs.org/@babel/parser/-/parser-7.15.8.tgz",
      "integrity": "sha512-BRYa3wcQnjS/nqI8Ac94pYYpJfojHVvVXJ97+IDCImX4Jc8W8Xv1+47enbruk+q1etOpsQNwnfFcNGw+gtPGxA=="
    },
    "@css-render/plugin-bem": {
      "version": "0.15.8",
      "resolved": "https://registry.npmjs.org/@css-render/plugin-bem/-/plugin-bem-0.15.8.tgz",
      "integrity": "sha512-rJMFBaqZGrezs1d0vPB7hZTSkfFEgcdWxPMtLUmm9PAOioWtw+Knb9A0xU0bYazPKDo0SoNVVcd1Qd1LXD9x4Q==",
      "dev": true
    },
    "@css-render/vue3-ssr": {
      "version": "0.15.8",
      "resolved": "https://registry.npmjs.org/@css-render/vue3-ssr/-/vue3-ssr-0.15.8.tgz",
      "integrity": "sha512-zPFyOH47hEcyRgoIjNEwzYqZEq/LEXPafDXY/9EMpvgCmsPhW1bpC3w8YwAISaP519QesJ/8aNDL/xWKpwXBvQ==",
      "dev": true
    },
    "@emotion/hash": {
      "version": "0.8.0",
      "resolved": "https://registry.npmjs.org/@emotion/hash/-/hash-0.8.0.tgz",
      "integrity": "sha512-kBJtf7PH6aWwZ6fka3zQ0p6SBYzx4fl1LoZXE2RrnYST9Xljm7WfKJrU4g/Xr3Beg72MLrp1AWNUmuYJTL7Cow==",
      "dev": true
    },
    "@types/jest": {
      "version": "27.4.0",
      "resolved": "https://registry.npmjs.org/@types/jest/-/jest-27.4.0.tgz",
      "integrity": "sha512-gHl8XuC1RZ8H2j5sHv/JqsaxXkDDM9iDOgu0Wp8sjs4u/snb2PVehyWXJPr+ORA0RPpgw231mnutWI1+0hgjIQ==",
      "dev": true,
      "requires": {
        "jest-diff": "^27.0.0",
        "pretty-format": "^27.0.0"
      }
    },
    "@types/lodash": {
      "version": "4.14.178",
      "resolved": "https://registry.npmjs.org/@types/lodash/-/lodash-4.14.178.tgz",
      "integrity": "sha512-0d5Wd09ItQWH1qFbEyQ7oTQ3GZrMfth5JkbN3EvTKLXcHLRDSXeLnlvlOn0wvxVIwK5o2M8JzP/OWz7T3NRsbw==",
      "dev": true
    },
    "@types/lodash-es": {
      "version": "4.17.5",
      "resolved": "https://registry.npmjs.org/@types/lodash-es/-/lodash-es-4.17.5.tgz",
      "integrity": "sha512-SHBoI8/0aoMQWAgUHMQ599VM6ZiSKg8sh/0cFqqlQQMyY9uEplc0ULU5yQNzcvdR4ZKa0ey8+vFmahuRbOCT1A==",
      "dev": true,
      "requires": {
        "@types/lodash": "*"
      }
    },
    "@types/node": {
      "version": "14.14.45",
      "resolved": "https://registry.npmjs.org/@types/node/-/node-14.14.45.tgz",
      "integrity": "sha512-DssMqTV9UnnoxDWu959sDLZzfvqCF0qDNRjaWeYSui9xkFe61kKo4l1TWNTQONpuXEm+gLMRvdlzvNHBamzmEw==",
      "dev": true
    },
    "@vicons/fa": {
      "version": "0.11.0",
      "resolved": "https://registry.npmjs.org/@vicons/fa/-/fa-0.11.0.tgz",
      "integrity": "sha512-Mlv4sxlghqAPu+RM+6w0/GIcsQFK/fx1syw1HkABS6MJRLwHOqbmImCYZQam7OMAYhZBs82YpY5cp2NFSgwkOA==",
      "dev": true
    },
    "@vicons/material": {
      "version": "0.11.0",
      "resolved": "https://registry.npmjs.org/@vicons/material/-/material-0.11.0.tgz",
      "integrity": "sha512-ZQVs6Z5AjSSKqeN4GrG+5fRbi4rbvLwio06Nsjs5NGDuHCB57QHN2rwkooxeoRUbiFT4GCCKatsoWbjqE6BSZg==",
      "dev": true
    },
    "@vitejs/plugin-vue": {
      "version": "1.9.3",
      "resolved": "https://registry.npmjs.org/@vitejs/plugin-vue/-/plugin-vue-1.9.3.tgz",
      "integrity": "sha512-yW6H/q+4Mc2PcVjSOelcsMrg/k15DnMUz8jyCFsI04emc3aLwo4AoofUfGnjHUkgirrDxSJLVqQVGhonQ3yykA==",
      "dev": true
    },
    "@vue/compiler-core": {
      "version": "3.2.20",
      "resolved": "https://registry.npmjs.org/@vue/compiler-core/-/compiler-core-3.2.20.tgz",
      "integrity": "sha512-vcEXlKXoPwBXFP5aUTHN9GTZaDfwCofa9Yu9bbW2C5O/QSa9Esdt7OG4+0RRd3EHEMxUvEdj4RZrd/KpQeiJbA==",
      "requires": {
        "@babel/parser": "^7.15.0",
        "@vue/shared": "3.2.20",
        "estree-walker": "^2.0.2",
        "source-map": "^0.6.1"
      }
    },
    "@vue/compiler-dom": {
      "version": "3.2.20",
      "resolved": "https://registry.npmjs.org/@vue/compiler-dom/-/compiler-dom-3.2.20.tgz",
      "integrity": "sha512-QnI77ec/JtV7R0YBbcVayYTDCRcI9OCbxiUQK6izVyqQO0658n0zQuoNwe+bYgtqnvGAIqTR3FShTd5y4oOjdg==",
      "requires": {
        "@vue/compiler-core": "3.2.20",
        "@vue/shared": "3.2.20"
      }
    },
    "@vue/compiler-sfc": {
      "version": "3.2.20",
      "resolved": "https://registry.npmjs.org/@vue/compiler-sfc/-/compiler-sfc-3.2.20.tgz",
      "integrity": "sha512-03aZo+6tQKiFLfunHKSPZvdK4Jsn/ftRCyaro8AQIWkuxJbvSosbKK6HTTn+D2c3nPScG155akJoxKENw7rftQ==",
      "requires": {
        "@babel/parser": "^7.15.0",
        "@vue/compiler-core": "3.2.20",
        "@vue/compiler-dom": "3.2.20",
        "@vue/compiler-ssr": "3.2.20",
        "@vue/ref-transform": "3.2.20",
        "@vue/shared": "3.2.20",
        "estree-walker": "^2.0.2",
        "magic-string": "^0.25.7",
        "postcss": "^8.1.10",
        "source-map": "^0.6.1"
      }
    },
    "@vue/compiler-ssr": {
      "version": "3.2.20",
      "resolved": "https://registry.npmjs.org/@vue/compiler-ssr/-/compiler-ssr-3.2.20.tgz",
      "integrity": "sha512-rzzVVYivm+EjbfiGQvNeyiYZWzr6Hkej97RZLZvcumacQlnKv9176Xo9rRyeWwFbBlxmtNdrVMslRXtipMXk2w==",
      "requires": {
        "@vue/compiler-dom": "3.2.20",
        "@vue/shared": "3.2.20"
      }
    },
    "@vue/devtools-api": {
      "version": "6.0.0-beta.21.1",
      "resolved": "https://registry.npmjs.org/@vue/devtools-api/-/devtools-api-6.0.0-beta.21.1.tgz",
      "integrity": "sha512-FqC4s3pm35qGVeXRGOjTsRzlkJjrBLriDS9YXbflHLsfA9FrcKzIyWnLXoNm+/7930E8rRakXuAc2QkC50swAw=="
    },
    "@vue/reactivity": {
      "version": "3.2.20",
      "resolved": "https://registry.npmjs.org/@vue/reactivity/-/reactivity-3.2.20.tgz",
      "integrity": "sha512-nSmoLojUTk+H8HNTAkrUduB4+yIUBK2HPihJo2uXVSH4Spry6oqN6lFzE5zpLK+F27Sja+UqR9R1+/kIOsHV5w==",
      "requires": {
        "@vue/shared": "3.2.20"
      }
    },
    "@vue/ref-transform": {
      "version": "3.2.20",
      "resolved": "https://registry.npmjs.org/@vue/ref-transform/-/ref-transform-3.2.20.tgz",
      "integrity": "sha512-Y42d3PGlYZ1lXcF3dbd3+qU/C/a3wYEZ949fyOI5ptzkjDWlkfU6vn74fmOjsLjEcjs10BXK2qO99FqQIK2r1Q==",
      "requires": {
        "@babel/parser": "^7.15.0",
        "@vue/compiler-core": "3.2.20",
        "@vue/shared": "3.2.20",
        "estree-walker": "^2.0.2",
        "magic-string": "^0.25.7"
      }
    },
    "@vue/runtime-core": {
      "version": "3.2.20",
      "resolved": "https://registry.npmjs.org/@vue/runtime-core/-/runtime-core-3.2.20.tgz",
      "integrity": "sha512-d1xfUGhZPfiZzAN7SatStD4vRtT8deJSXib2+Cz3x0brjMWKxe32asQc154FF1E2fFgMCHtnfd4A90bQEzV4GQ==",
      "requires": {
        "@vue/reactivity": "3.2.20",
        "@vue/shared": "3.2.20"
      }
    },
    "@vue/runtime-dom": {
      "version": "3.2.20",
      "resolved": "https://registry.npmjs.org/@vue/runtime-dom/-/runtime-dom-3.2.20.tgz",
      "integrity": "sha512-4TCvZMLhESWCFHFYgqN4QmMA/onnINAlUovhopjlS8ST27G1A8Z0tyxPzLoXLa+b5JrOpbMPheEMPvdKExTJig==",
      "requires": {
        "@vue/runtime-core": "3.2.20",
        "@vue/shared": "3.2.20",
        "csstype": "^2.6.8"
      }
    },
    "@vue/server-renderer": {
      "version": "3.2.20",
      "resolved": "https://registry.npmjs.org/@vue/server-renderer/-/server-renderer-3.2.20.tgz",
      "integrity": "sha512-viIbZGep9XabnrRcaxWIi00cOh1x21QYm2upIL5W0zqzTJ54VdTzpI+zi1osNp+VfRQDTHpV2U7H3Kn4ljYJvg==",
      "requires": {
        "@vue/compiler-ssr": "3.2.20",
        "@vue/shared": "3.2.20"
      }
    },
    "@vue/shared": {
      "version": "3.2.20",
      "resolved": "https://registry.npmjs.org/@vue/shared/-/shared-3.2.20.tgz",
      "integrity": "sha512-FbpX+hD5BvXCQerEYO7jtAGHlhAkhTQ4KIV73kmLWNlawWhTiVuQxizgVb0BOkX5oG9cIRZ42EG++d/k/Efp0w=="
    },
    "adler-32": {
      "version": "1.2.0",
      "resolved": "https://registry.npmjs.org/adler-32/-/adler-32-1.2.0.tgz",
      "integrity": "sha1-aj5r8KY5ALoVZSgIyxXGgT0aXyU=",
      "requires": {
        "exit-on-epipe": "~1.0.1",
        "printj": "~1.1.0"
      }
    },
    "ansi-regex": {
      "version": "5.0.1",
      "resolved": "https://registry.npmjs.org/ansi-regex/-/ansi-regex-5.0.1.tgz",
      "integrity": "sha512-quJQXlTSUGL2LH9SUXo8VwsY4soanhgo6LNSm84E1LBcE8s3O0wpdiRzyR9z/ZZJMlMWv37qOOb9pdJlMUEKFQ==",
      "dev": true
    },
    "ansi-styles": {
      "version": "4.3.0",
      "resolved": "https://registry.npmjs.org/ansi-styles/-/ansi-styles-4.3.0.tgz",
      "integrity": "sha512-zbB9rCJAT1rbjiVDb2hqKFHNYLxgtk8NURxZ3IZwD3F6NtxbXZQCnnSi1Lkx+IDohdPlFp222wVALIheZJQSEg==",
      "dev": true,
      "requires": {
        "color-convert": "^2.0.1"
      }
    },
    "anymatch": {
      "version": "3.1.2",
      "resolved": "https://registry.npmjs.org/anymatch/-/anymatch-3.1.2.tgz",
      "integrity": "sha512-P43ePfOAIupkguHUycrc4qJ9kz8ZiuOUijaETwX7THt0Y/GNK7v0aa8rY816xWjZ7rJdA5XdMcpVFTKMq+RvWg==",
      "dev": true,
      "requires": {
        "normalize-path": "^3.0.0",
        "picomatch": "^2.0.4"
      }
    },
    "async-validator": {
      "version": "4.0.7",
      "resolved": "https://registry.npmjs.org/async-validator/-/async-validator-4.0.7.tgz",
      "integrity": "sha512-Pj2IR7u8hmUEDOwB++su6baaRi+QvsgajuFB9j95foM1N2gy5HM4z60hfusIO0fBPG5uLAEl6yCJr1jNSVugEQ==",
      "dev": true
    },
    "binary-extensions": {
      "version": "2.2.0",
      "resolved": "https://registry.npmjs.org/binary-extensions/-/binary-extensions-2.2.0.tgz",
      "integrity": "sha512-jDctJ/IVQbZoJykoeHbhXpOlNBqGNcwXJKJog42E5HDPUwQTSdjCHdihjj0DlnheQ7blbT6dHOafNAiS8ooQKA==",
      "dev": true
    },
    "braces": {
      "version": "3.0.2",
      "resolved": "https://registry.npmjs.org/braces/-/braces-3.0.2.tgz",
      "integrity": "sha512-b8um+L1RzM3WDSzvhm6gIz1yfTbBt6YTlcEKAvsmqCZZFw46z626lVj9j1yEPW33H5H+lBQpZMP1k8l+78Ha0A==",
      "dev": true,
      "requires": {
        "fill-range": "^7.0.1"
      }
    },
    "cfb": {
      "version": "1.2.1",
      "resolved": "https://registry.npmjs.org/cfb/-/cfb-1.2.1.tgz",
      "integrity": "sha512-wT2ScPAFGSVy7CY+aauMezZBnNrfnaLSrxHUHdea+Td/86vrk6ZquggV+ssBR88zNs0OnBkL2+lf9q0K+zVGzQ==",
      "requires": {
        "adler-32": "~1.3.0",
        "crc-32": "~1.2.0",
        "printj": "~1.3.0"
      },
      "dependencies": {
        "adler-32": {
          "version": "1.3.0",
          "resolved": "https://registry.npmjs.org/adler-32/-/adler-32-1.3.0.tgz",
          "integrity": "sha512-f5nltvjl+PRUh6YNfUstRaXwJxtfnKEWhAWWlmKvh+Y3J2+98a0KKVYDEhz6NdKGqswLhjNGznxfSsZGOvOd9g==",
          "requires": {
            "printj": "~1.2.2"
          },
          "dependencies": {
            "printj": {
              "version": "1.2.3",
              "resolved": "https://registry.npmjs.org/printj/-/printj-1.2.3.tgz",
              "integrity": "sha512-sanczS6xOJOg7IKDvi4sGOUOe7c1tsEzjwlLFH/zgwx/uyImVM9/rgBkc8AfiQa/Vg54nRd8mkm9yI7WV/O+WA=="
            }
          }
        },
        "printj": {
          "version": "1.3.1",
          "resolved": "https://registry.npmjs.org/printj/-/printj-1.3.1.tgz",
          "integrity": "sha512-GA3TdL8szPK4AQ2YnOe/b+Y1jUFwmmGMMK/qbY7VcE3Z7FU8JstbKiKRzO6CIiAKPhTO8m01NoQ0V5f3jc4OGg=="
        }
      }
    },
    "chalk": {
      "version": "4.1.2",
      "resolved": "https://registry.npmjs.org/chalk/-/chalk-4.1.2.tgz",
      "integrity": "sha512-oKnbhFyRIXpUuez8iBMmyEa4nbj4IOQyuhc/wy9kY7/WVPcwIO9VA668Pu8RkO7+0G76SLROeyw9CpQ061i4mA==",
      "dev": true,
      "requires": {
        "ansi-styles": "^4.1.0",
        "supports-color": "^7.1.0"
      }
    },
    "chokidar": {
      "version": "3.5.3",
      "resolved": "https://registry.npmjs.org/chokidar/-/chokidar-3.5.3.tgz",
      "integrity": "sha512-Dr3sfKRP6oTcjf2JmUmFJfeVMvXBdegxB0iVQ5eb2V10uFJUCAS8OByZdVAyVb8xXNz3GjjTgj9kLWsZTqE6kw==",
      "dev": true,
      "requires": {
        "anymatch": "~3.1.2",
        "braces": "~3.0.2",
        "fsevents": "~2.3.2",
        "glob-parent": "~5.1.2",
        "is-binary-path": "~2.1.0",
        "is-glob": "~4.0.1",
        "normalize-path": "~3.0.0",
        "readdirp": "~3.6.0"
      }
    },
    "codepage": {
      "version": "1.15.0",
      "resolved": "https://registry.npmjs.org/codepage/-/codepage-1.15.0.tgz",
      "integrity": "sha512-3g6NUTPd/YtuuGrhMnOMRjFc+LJw/bnMp3+0r/Wcz3IXUuCosKRJvMphm5+Q+bvTVGcJJuRvVLuYba+WojaFaA=="
    },
    "color-convert": {
      "version": "2.0.1",
      "resolved": "https://registry.npmjs.org/color-convert/-/color-convert-2.0.1.tgz",
      "integrity": "sha512-RRECPsj7iu/xb5oKYcsFHSppFNnsj/52OVTRKb4zP5onXwVF3zVmmToNcOfGC+CRDpfK/U584fMg38ZHCaElKQ==",
      "dev": true,
      "requires": {
        "color-name": "~1.1.4"
      }
    },
    "color-name": {
      "version": "1.1.4",
      "resolved": "https://registry.npmjs.org/color-name/-/color-name-1.1.4.tgz",
      "integrity": "sha512-dOy+3AuW3a2wNbZHIuMZpTcgjGuLU/uBL/ubcZF9OXbDo8ff4O8yVp5Bf0efS8uEoYo5q4Fx7dY9OgQGXgAsQA==",
      "dev": true
    },
    "crc-32": {
      "version": "1.2.1",
      "resolved": "https://registry.npmjs.org/crc-32/-/crc-32-1.2.1.tgz",
      "integrity": "sha512-Dn/xm/1vFFgs3nfrpEVScHoIslO9NZRITWGz/1E/St6u4xw99vfZzVkW0OSnzx2h9egej9xwMCEut6sqwokM/w==",
      "requires": {
        "exit-on-epipe": "~1.0.1",
        "printj": "~1.3.1"
      },
      "dependencies": {
        "printj": {
          "version": "1.3.1",
          "resolved": "https://registry.npmjs.org/printj/-/printj-1.3.1.tgz",
          "integrity": "sha512-GA3TdL8szPK4AQ2YnOe/b+Y1jUFwmmGMMK/qbY7VcE3Z7FU8JstbKiKRzO6CIiAKPhTO8m01NoQ0V5f3jc4OGg=="
        }
      }
    },
    "css-render": {
      "version": "0.15.8",
      "resolved": "https://registry.npmjs.org/css-render/-/css-render-0.15.8.tgz",
      "integrity": "sha512-k1gp1MgYDPrFZhzheQkSwm6dmP6nPe2XE6WYpJBPwEc3GbMANPJZfxl7ofZlTl8/+tpMRiGTTgUkTlXaVbLxog==",
      "dev": true,
      "requires": {
        "@emotion/hash": "~0.8.0",
        "@types/node": "~14.14.31",
        "csstype": "~3.0.5"
      },
      "dependencies": {
        "csstype": {
          "version": "3.0.10",
          "resolved": "https://registry.npmjs.org/csstype/-/csstype-3.0.10.tgz",
          "integrity": "sha512-2u44ZG2OcNUO9HDp/Jl8C07x6pU/eTR3ncV91SiK3dhG9TWvRVsCoJw14Ckx5DgWkzGA3waZWO3d7pgqpUI/XA==",
          "dev": true
        }
      }
    },
    "csstype": {
      "version": "2.6.18",
      "resolved": "https://registry.npmjs.org/csstype/-/csstype-2.6.18.tgz",
      "integrity": "sha512-RSU6Hyeg14am3Ah4VZEmeX8H7kLwEEirXe6aU2IPfKNvhXwTflK5HQRDNI0ypQXoqmm+QPyG2IaPuQE5zMwSIQ=="
    },
    "date-fns": {
      "version": "2.28.0",
      "resolved": "https://registry.npmjs.org/date-fns/-/date-fns-2.28.0.tgz",
      "integrity": "sha512-8d35hViGYx/QH0icHYCeLmsLmMUheMmTyV9Fcm6gvNwdw31yXXH+O85sOBJ+OLnLQMKZowvpKb6FgMIQjcpvQw==",
      "dev": true
    },
    "date-fns-tz": {
      "version": "1.2.2",
      "resolved": "https://registry.npmjs.org/date-fns-tz/-/date-fns-tz-1.2.2.tgz",
      "integrity": "sha512-vWtn44eEqnLbkACb7T5G5gPgKR4nY8NkNMOCyoY49NsRGHrcDmY2aysCyzDeA+u+vcDBn/w6nQqEDyouRs4m8w==",
      "dev": true
    },
    "diff-sequences": {
      "version": "27.4.0",
      "resolved": "https://registry.npmjs.org/diff-sequences/-/diff-sequences-27.4.0.tgz",
      "integrity": "sha512-YqiQzkrsmHMH5uuh8OdQFU9/ZpADnwzml8z0O5HvRNda+5UZsaX/xN+AAxfR2hWq1Y7HZnAzO9J5lJXOuDz2Ww==",
      "dev": true
    },
    "esbuild": {
      "version": "0.13.4",
      "resolved": "https://registry.npmjs.org/esbuild/-/esbuild-0.13.4.tgz",
      "integrity": "sha512-wMA5eUwpavTBiNl+It6j8OQuKVh69l6z4DKDLzoTIqC+gChnPpcmqdA8WNHptUHRnfyML+mKEQPlW7Mybj8gHg==",
      "dev": true,
      "requires": {
        "esbuild-android-arm64": "0.13.4",
        "esbuild-darwin-64": "0.13.4",
        "esbuild-darwin-arm64": "0.13.4",
        "esbuild-freebsd-64": "0.13.4",
        "esbuild-freebsd-arm64": "0.13.4",
        "esbuild-linux-32": "0.13.4",
        "esbuild-linux-64": "0.13.4",
        "esbuild-linux-arm": "0.13.4",
        "esbuild-linux-arm64": "0.13.4",
        "esbuild-linux-mips64le": "0.13.4",
        "esbuild-linux-ppc64le": "0.13.4",
        "esbuild-openbsd-64": "0.13.4",
        "esbuild-sunos-64": "0.13.4",
        "esbuild-windows-32": "0.13.4",
        "esbuild-windows-64": "0.13.4",
        "esbuild-windows-arm64": "0.13.4"
      }
    },
    "esbuild-android-arm64": {
      "version": "0.13.4",
      "resolved": "https://registry.npmjs.org/esbuild-android-arm64/-/esbuild-android-arm64-0.13.4.tgz",
      "integrity": "sha512-elDJt+jNyoHFId0/dKsuVYUPke3EcquIyUwzJCH17a3ERglN3A9aMBI5zbz+xNZ+FbaDNdpn0RaJHCFLbZX+fA==",
      "dev": true,
      "optional": true
    },
    "esbuild-darwin-64": {
      "version": "0.13.4",
      "resolved": "https://registry.npmjs.org/esbuild-darwin-64/-/esbuild-darwin-64-0.13.4.tgz",
      "integrity": "sha512-zJQGyHRAdZUXlRzbN7W+7ykmEiGC+bq3Gc4GxKYjjWTgDRSEly98ym+vRNkDjXwXYD3gGzSwvH35+MiHAtWvLA==",
      "dev": true,
      "optional": true
    },
    "esbuild-darwin-arm64": {
      "version": "0.13.4",
      "resolved": "https://registry.npmjs.org/esbuild-darwin-arm64/-/esbuild-darwin-arm64-0.13.4.tgz",
      "integrity": "sha512-r8oYvAtqSGq8HNTZCAx4TdLE7jZiGhX9ooGi5AQAey37MA6XNaP8ZNlw9OCpcgpx3ryU2WctXwIqPzkHO7a8dg==",
      "dev": true,
      "optional": true
    },
    "esbuild-freebsd-64": {
      "version": "0.13.4",
      "resolved": "https://registry.npmjs.org/esbuild-freebsd-64/-/esbuild-freebsd-64-0.13.4.tgz",
      "integrity": "sha512-u9DRGkn09EN8+lCh6z7FKle7awi17PJRBuAKdRNgSo5ZrH/3m+mYaJK2PR2URHMpAfXiwJX341z231tSdVe3Yw==",
      "dev": true,
      "optional": true
    },
    "esbuild-freebsd-arm64": {
      "version": "0.13.4",
      "resolved": "https://registry.npmjs.org/esbuild-freebsd-arm64/-/esbuild-freebsd-arm64-0.13.4.tgz",
      "integrity": "sha512-q3B2k68Uf6gfjATjcK16DqxvjqRQkHL8aPoOfj4op+lSqegdXvBacB1d8jw8PxbWJ8JHpdTLdAVUYU80kotQXA==",
      "dev": true,
      "optional": true
    },
    "esbuild-linux-32": {
      "version": "0.13.4",
      "resolved": "https://registry.npmjs.org/esbuild-linux-32/-/esbuild-linux-32-0.13.4.tgz",
      "integrity": "sha512-UUYJPHSiKAO8KoN3Ls/iZtgDLZvK5HarES96aolDPWZnq9FLx4dIHM/x2z4Rxv9IYqQ/DxlPoE2Co1UPBIYYeA==",
      "dev": true,
      "optional": true
    },
    "esbuild-linux-64": {
      "version": "0.13.4",
      "resolved": "https://registry.npmjs.org/esbuild-linux-64/-/esbuild-linux-64-0.13.4.tgz",
      "integrity": "sha512-+RnohAKiiUW4UHLGRkNR1AnENW1gCuDWuygEtd4jxTNPIoeC7lbXGor7rtgjj9AdUzFgOEvAXyNNX01kJ8NueQ==",
      "dev": true,
      "optional": true
    },
    "esbuild-linux-arm": {
      "version": "0.13.4",
      "resolved": "https://registry.npmjs.org/esbuild-linux-arm/-/esbuild-linux-arm-0.13.4.tgz",
      "integrity": "sha512-BH5gKve4jglS7UPSsfwHSX79I5agC/lm4eKoRUEyo8lwQs89frQSRp2Xup+6SFQnxt3md5EsKcd2Dbkqeb3gPA==",
      "dev": true,
      "optional": true
    },
    "esbuild-linux-arm64": {
      "version": "0.13.4",
      "resolved": "https://registry.npmjs.org/esbuild-linux-arm64/-/esbuild-linux-arm64-0.13.4.tgz",
      "integrity": "sha512-+A188cAdd6QuSRxMIwRrWLjgphQA0LDAQ/ECVlrPVJwnx+1i64NjDZivoqPYLOTkSPIKntiWwMhhf0U5/RrPHQ==",
      "dev": true,
      "optional": true
    },
    "esbuild-linux-mips64le": {
      "version": "0.13.4",
      "resolved": "https://registry.npmjs.org/esbuild-linux-mips64le/-/esbuild-linux-mips64le-0.13.4.tgz",
      "integrity": "sha512-0xkwtPaUkG5xMTFGaQPe1AadSe5QAiQuD4Gix1O9k5Xo/U8xGIkw9UFUTvfEUeu71vFb6ZgsIacfP1NLoFjWNw==",
      "dev": true,
      "optional": true
    },
    "esbuild-linux-ppc64le": {
      "version": "0.13.4",
      "resolved": "https://registry.npmjs.org/esbuild-linux-ppc64le/-/esbuild-linux-ppc64le-0.13.4.tgz",
      "integrity": "sha512-E1+oJPP7A+j23GPo3CEpBhGwG1bni4B8IbTA3/3rvzjURwUMZdcN3Fhrz24rnjzdLSHmULtOE4VsbT42h1Om4Q==",
      "dev": true,
      "optional": true
    },
    "esbuild-openbsd-64": {
      "version": "0.13.4",
      "resolved": "https://registry.npmjs.org/esbuild-openbsd-64/-/esbuild-openbsd-64-0.13.4.tgz",
      "integrity": "sha512-xEkI1o5HYxDzbv9jSox0EsDxpwraG09SRiKKv0W8pH6O3bt+zPSlnoK7+I7Q69tkvONkpIq5n2o+c55uq0X7cw==",
      "dev": true,
      "optional": true
    },
    "esbuild-sunos-64": {
      "version": "0.13.4",
      "resolved": "https://registry.npmjs.org/esbuild-sunos-64/-/esbuild-sunos-64-0.13.4.tgz",
      "integrity": "sha512-bjXUMcODMnB6hQicLBBmmnBl7OMDyVpFahKvHGXJfDChIi5udiIRKCmFUFIRn+AUAKVlfrofRKdyPC7kBsbvGQ==",
      "dev": true,
      "optional": true
    },
    "esbuild-windows-32": {
      "version": "0.13.4",
      "resolved": "https://registry.npmjs.org/esbuild-windows-32/-/esbuild-windows-32-0.13.4.tgz",
      "integrity": "sha512-z4CH07pfyVY0XF98TCsGmLxKCl0kyvshKDbdpTekW9f2d+dJqn5mmoUyWhpSVJ0SfYWJg86FoD9nMbbaMVyGdg==",
      "dev": true,
      "optional": true
    },
    "esbuild-windows-64": {
      "version": "0.13.4",
      "resolved": "https://registry.npmjs.org/esbuild-windows-64/-/esbuild-windows-64-0.13.4.tgz",
      "integrity": "sha512-uVL11vORRPjocGLYam67rwFLd0LvkrHEs+JG+1oJN4UD9MQmNGZPa4gBHo6hDpF+kqRJ9kXgQSeDqUyRy0tj/Q==",
      "dev": true,
      "optional": true
    },
    "esbuild-windows-arm64": {
      "version": "0.13.4",
      "resolved": "https://registry.npmjs.org/esbuild-windows-arm64/-/esbuild-windows-arm64-0.13.4.tgz",
      "integrity": "sha512-vA6GLvptgftRcDcWngD5cMlL4f4LbL8JjU2UMT9yJ0MT5ra6hdZNFWnOeOoEtY4GtJ6OjZ0i+81sTqhAB0fMkg==",
      "dev": true,
      "optional": true
    },
    "estree-walker": {
      "version": "2.0.2",
      "resolved": "https://registry.npmjs.org/estree-walker/-/estree-walker-2.0.2.tgz",
      "integrity": "sha512-Rfkk/Mp/DL7JVje3u18FxFujQlTNR2q6QfMSMB7AvCBx91NGj/ba3kCfza0f6dVDbw7YlRf/nDrn7pQrCCyQ/w=="
    },
    "evtd": {
      "version": "0.2.3",
      "resolved": "https://registry.npmjs.org/evtd/-/evtd-0.2.3.tgz",
      "integrity": "sha512-tmiT1YUVqFjTY+BSBOAskL83xNx41iUfpvKP6Gcd/xMHjg3mnER98jXGXJyKnxCG19uPc6EhZiUC+MUyvoqCtw==",
      "dev": true
    },
    "exit-on-epipe": {
      "version": "1.0.1",
      "resolved": "https://registry.npmjs.org/exit-on-epipe/-/exit-on-epipe-1.0.1.tgz",
      "integrity": "sha512-h2z5mrROTxce56S+pnvAV890uu7ls7f1kEvVGJbw1OlFH3/mlJ5bkXu0KRyW94v37zzHPiUd55iLn3DA7TjWpw=="
    },
    "fill-range": {
      "version": "7.0.1",
      "resolved": "https://registry.npmjs.org/fill-range/-/fill-range-7.0.1.tgz",
      "integrity": "sha512-qOo9F+dMUmC2Lcb4BbVvnKJxTPjCm+RRpe4gDuGrzkL7mEVl/djYSu2OdQ2Pa302N4oqkSg9ir6jaLWJ2USVpQ==",
      "dev": true,
      "requires": {
        "to-regex-range": "^5.0.1"
      }
    },
    "frac": {
      "version": "1.1.2",
      "resolved": "https://registry.npmjs.org/frac/-/frac-1.1.2.tgz",
      "integrity": "sha512-w/XBfkibaTl3YDqASwfDUqkna4Z2p9cFSr1aHDt0WoMTECnRfBOv2WArlZILlqgWlmdIlALXGpM2AOhEk5W3IA=="
    },
    "fsevents": {
      "version": "2.3.2",
      "resolved": "https://registry.npmjs.org/fsevents/-/fsevents-2.3.2.tgz",
      "integrity": "sha512-xiqMQR4xAeHTuB9uWm+fFRcIOgKBMiOBP+eXiyT7jsgVCq1bkVygt00oASowB7EdtpOHaaPgKt812P9ab+DDKA==",
      "dev": true,
      "optional": true
    },
    "function-bind": {
      "version": "1.1.1",
      "resolved": "https://registry.npmjs.org/function-bind/-/function-bind-1.1.1.tgz",
      "integrity": "sha512-yIovAzMX49sF8Yl58fSCWJ5svSLuaibPxXQJFLmBObTuCr0Mf1KiPopGM9NiFjiYBCbfaa2Fh6breQ6ANVTI0A==",
      "dev": true
    },
    "glob-parent": {
      "version": "5.1.2",
      "resolved": "https://registry.npmjs.org/glob-parent/-/glob-parent-5.1.2.tgz",
      "integrity": "sha512-AOIgSQCepiJYwP3ARnGx+5VnTu2HBYdzbGP45eLw1vr3zB3vZLeyed1sC9hnbcOc9/SrMyM5RPQrkGz4aS9Zow==",
      "dev": true,
      "requires": {
        "is-glob": "^4.0.1"
      }
    },
    "has": {
      "version": "1.0.3",
      "resolved": "https://registry.npmjs.org/has/-/has-1.0.3.tgz",
      "integrity": "sha512-f2dvO0VU6Oej7RkWJGrehjbzMAjFp5/VKPp5tTpWIV4JHHZK1/BxbFRtf/siA2SWTe09caDmVtYYzWEIbBS4zw==",
      "dev": true,
      "requires": {
        "function-bind": "^1.1.1"
      }
    },
    "has-flag": {
      "version": "4.0.0",
      "resolved": "https://registry.npmjs.org/has-flag/-/has-flag-4.0.0.tgz",
      "integrity": "sha512-EykJT/Q1KjTWctppgIAgfSO0tKVuZUjhgMr17kqTumMl6Afv3EISleU7qZUzoXDFTAHTDC4NOoG/ZxU3EvlMPQ==",
      "dev": true
    },
    "highlight.js": {
      "version": "11.4.0",
      "resolved": "https://registry.npmjs.org/highlight.js/-/highlight.js-11.4.0.tgz",
      "integrity": "sha512-nawlpCBCSASs7EdvZOYOYVkJpGmAOKMYZgZtUqSRqodZE0GRVcFKwo1RcpeOemqh9hyttTdd5wDBwHkuSyUfnA==",
      "dev": true
    },
    "immutable": {
      "version": "4.0.0",
      "resolved": "https://registry.npmjs.org/immutable/-/immutable-4.0.0.tgz",
      "integrity": "sha512-zIE9hX70qew5qTUjSS7wi1iwj/l7+m54KWU247nhM3v806UdGj1yDndXj+IOYxxtW9zyLI+xqFNZjTuDaLUqFw==",
      "dev": true
    },
    "is-binary-path": {
      "version": "2.1.0",
      "resolved": "https://registry.npmjs.org/is-binary-path/-/is-binary-path-2.1.0.tgz",
      "integrity": "sha512-ZMERYes6pDydyuGidse7OsHxtbI7WVeUEozgR/g7rd0xUimYNlvZRE/K2MgZTjWy725IfelLeVcEM97mmtRGXw==",
      "dev": true,
      "requires": {
        "binary-extensions": "^2.0.0"
      }
    },
    "is-core-module": {
      "version": "2.7.0",
      "resolved": "https://registry.npmjs.org/is-core-module/-/is-core-module-2.7.0.tgz",
      "integrity": "sha512-ByY+tjCciCr+9nLryBYcSD50EOGWt95c7tIsKTG1J2ixKKXPvF7Ej3AVd+UfDydAJom3biBGDBALaO79ktwgEQ==",
      "dev": true,
      "requires": {
        "has": "^1.0.3"
      }
    },
    "is-extglob": {
      "version": "2.1.1",
      "resolved": "https://registry.npmjs.org/is-extglob/-/is-extglob-2.1.1.tgz",
      "integrity": "sha1-qIwCU1eR8C7TfHahueqXc8gz+MI=",
      "dev": true
    },
    "is-glob": {
      "version": "4.0.3",
      "resolved": "https://registry.npmjs.org/is-glob/-/is-glob-4.0.3.tgz",
      "integrity": "sha512-xelSayHH36ZgE7ZWhli7pW34hNbNl8Ojv5KVmkJD4hBdD3th8Tfk9vYasLM+mXWOZhFkgZfxhLSnrwRr4elSSg==",
      "dev": true,
      "requires": {
        "is-extglob": "^2.1.1"
      }
    },
    "is-number": {
      "version": "7.0.0",
      "resolved": "https://registry.npmjs.org/is-number/-/is-number-7.0.0.tgz",
      "integrity": "sha512-41Cifkg6e8TylSpdtTpeLVMqvSBEVzTttHvERD741+pnZ8ANv0004MRL43QKPDlK9cGvNp6NZWZUBlbGXYxxng==",
      "dev": true
    },
    "jest-diff": {
      "version": "27.4.6",
      "resolved": "https://registry.npmjs.org/jest-diff/-/jest-diff-27.4.6.tgz",
      "integrity": "sha512-zjaB0sh0Lb13VyPsd92V7HkqF6yKRH9vm33rwBt7rPYrpQvS1nCvlIy2pICbKta+ZjWngYLNn4cCK4nyZkjS/w==",
      "dev": true,
      "requires": {
        "chalk": "^4.0.0",
        "diff-sequences": "^27.4.0",
        "jest-get-type": "^27.4.0",
        "pretty-format": "^27.4.6"
      }
    },
    "jest-get-type": {
      "version": "27.4.0",
      "resolved": "https://registry.npmjs.org/jest-get-type/-/jest-get-type-27.4.0.tgz",
      "integrity": "sha512-tk9o+ld5TWq41DkK14L4wox4s2D9MtTpKaAVzXfr5CUKm5ZK2ExcaFE0qls2W71zE/6R2TxxrK9w2r6svAFDBQ==",
      "dev": true
    },
    "jquery": {
      "version": "3.6.0",
      "resolved": "https://registry.npmjs.org/jquery/-/jquery-3.6.0.tgz",
      "integrity": "sha512-JVzAR/AjBvVt2BmYhxRCSYysDsPcssdmTFnzyLEts9qNwmjmu4JTAMYubEfwVOSwpQ1I1sKKFcxhZCI2buerfw=="
    },
    "lodash": {
      "version": "4.17.21",
      "resolved": "https://registry.npmjs.org/lodash/-/lodash-4.17.21.tgz",
      "integrity": "sha512-v2kDEe57lecTulaDIuNTPy3Ry4gLGJ6Z1O3vE1krgXZNrsQ+LFTGHVxVjcXPs17LhbZVGedAJv8XZ1tvj5FvSg==",
      "dev": true
    },
    "lodash-es": {
      "version": "4.17.21",
      "resolved": "https://registry.npmjs.org/lodash-es/-/lodash-es-4.17.21.tgz",
      "integrity": "sha512-mKnC+QJ9pWVzv+C4/U3rRsHapFfHvQFoFB92e52xeyGMcX6/OlIl78je1u8vePzYZSkkogMPJ2yjxxsb89cxyw==",
      "dev": true
    },
    "magic-string": {
      "version": "0.25.7",
      "resolved": "https://registry.npmjs.org/magic-string/-/magic-string-0.25.7.tgz",
      "integrity": "sha512-4CrMT5DOHTDk4HYDlzmwu4FVCcIYI8gauveasrdCu2IKIFOJ3f0v/8MDGJCDL9oD2ppz/Av1b0Nj345H9M+XIA==",
      "requires": {
        "sourcemap-codec": "^1.4.4"
      }
    },
    "naive-ui": {
      "version": "2.24.7",
      "resolved": "https://registry.npmjs.org/naive-ui/-/naive-ui-2.24.7.tgz",
      "integrity": "sha512-Kt3PxQ85c+5VO6SSaszSWfMwCzjs+pRo/GFK5fLMn5H9YRqnEXuxBSb2UI3Wt72OAisDAebCS4uAfFmyv7u5fQ==",
      "dev": true,
      "requires": {
        "@css-render/plugin-bem": "^0.15.8",
        "@css-render/vue3-ssr": "^0.15.8",
        "@types/lodash": "^4.14.170",
        "@types/lodash-es": "^4.17.4",
        "async-validator": "^4.0.1",
        "css-render": "^0.15.8",
        "date-fns": "^2.27.0",
        "date-fns-tz": "^1.1.6",
        "evtd": "^0.2.3",
        "highlight.js": "^11.0.1",
        "lodash": "^4.17.21",
        "lodash-es": "^4.17.21",
        "seemly": "^0.3.3",
        "treemate": "^0.3.9",
        "vdirs": "^0.1.7",
        "vfonts": "^0.0.3",
        "vooks": "^0.2.12",
        "vueuc": "^0.4.24"
      }
    },
    "nanoid": {
      "version": "3.2.0",
      "resolved": "https://registry.npmjs.org/nanoid/-/nanoid-3.2.0.tgz",
      "integrity": "sha512-fmsZYa9lpn69Ad5eDn7FMcnnSR+8R34W9qJEijxYhTbfOWzr22n1QxCMzXLK+ODyW2973V3Fux959iQoUxzUIA=="
    },
    "normalize-path": {
      "version": "3.0.0",
      "resolved": "https://registry.npmjs.org/normalize-path/-/normalize-path-3.0.0.tgz",
      "integrity": "sha512-6eZs5Ls3WtCisHWp9S2GUy8dqkpGi4BVSz3GaqiE6ezub0512ESztXUwUB6C6IKbQkY2Pnb/mD4WYojCRwcwLA==",
      "dev": true
    },
    "path-parse": {
      "version": "1.0.7",
      "resolved": "https://registry.npmjs.org/path-parse/-/path-parse-1.0.7.tgz",
      "integrity": "sha512-LDJzPVEEEPR+y48z93A0Ed0yXb8pAByGWo/k5YYdYgpY2/2EsOsksJrq7lOHxryrVOn1ejG6oAp8ahvOIQD8sw==",
      "dev": true
    },
    "picocolors": {
      "version": "0.2.1",
      "resolved": "https://registry.npmjs.org/picocolors/-/picocolors-0.2.1.tgz",
      "integrity": "sha512-cMlDqaLEqfSaW8Z7N5Jw+lyIW869EzT73/F5lhtY9cLGoVxSXznfgfXMO0Z5K0o0Q2TkTXq+0KFsdnSe3jDViA=="
    },
    "picomatch": {
      "version": "2.3.1",
      "resolved": "https://registry.npmjs.org/picomatch/-/picomatch-2.3.1.tgz",
      "integrity": "sha512-JU3teHTNjmE2VCGFzuY8EXzCDVwEqB2a8fsIvwaStHhAWJEeVd1o1QD80CU6+ZdEXXSLbSsuLwJjkCBWqRQUVA==",
      "dev": true
    },
    "postcss": {
      "version": "8.3.9",
      "resolved": "https://registry.npmjs.org/postcss/-/postcss-8.3.9.tgz",
      "integrity": "sha512-f/ZFyAKh9Dnqytx5X62jgjhhzttjZS7hMsohcI7HEI5tjELX/HxCy3EFhsRxyzGvrzFF+82XPvCS8T9TFleVJw==",
      "requires": {
        "nanoid": "^3.1.28",
        "picocolors": "^0.2.1",
        "source-map-js": "^0.6.2"
      }
    },
    "pretty-format": {
      "version": "27.4.6",
      "resolved": "https://registry.npmjs.org/pretty-format/-/pretty-format-27.4.6.tgz",
      "integrity": "sha512-NblstegA1y/RJW2VyML+3LlpFjzx62cUrtBIKIWDXEDkjNeleA7Od7nrzcs/VLQvAeV4CgSYhrN39DRN88Qi/g==",
      "dev": true,
      "requires": {
        "ansi-regex": "^5.0.1",
        "ansi-styles": "^5.0.0",
        "react-is": "^17.0.1"
      },
      "dependencies": {
        "ansi-styles": {
          "version": "5.2.0",
          "resolved": "https://registry.npmjs.org/ansi-styles/-/ansi-styles-5.2.0.tgz",
          "integrity": "sha512-Cxwpt2SfTzTtXcfOlzGEee8O+c+MmUgGrNiBcXnuWxuFJHe6a5Hz7qwhwe5OgaSYI0IJvkLqWX1ASG+cJOkEiA==",
          "dev": true
        }
      }
    },
    "printj": {
      "version": "1.1.2",
      "resolved": "https://registry.npmjs.org/printj/-/printj-1.1.2.tgz",
      "integrity": "sha512-zA2SmoLaxZyArQTOPj5LXecR+RagfPSU5Kw1qP+jkWeNlrq+eJZyY2oS68SU1Z/7/myXM4lo9716laOFAVStCQ=="
    },
    "react-is": {
      "version": "17.0.2",
      "resolved": "https://registry.npmjs.org/react-is/-/react-is-17.0.2.tgz",
      "integrity": "sha512-w2GsyukL62IJnlaff/nRegPQR94C/XXamvMWmSHRJ4y7Ts/4ocGRmTHvOs8PSE6pB3dWOrD/nueuU5sduBsQ4w==",
      "dev": true
    },
    "readdirp": {
      "version": "3.6.0",
      "resolved": "https://registry.npmjs.org/readdirp/-/readdirp-3.6.0.tgz",
      "integrity": "sha512-hOS089on8RduqdbhvQ5Z37A0ESjsqz6qnRcffsMU3495FuTdqSm+7bhJ29JvIOsBDEEnan5DPu9t3To9VRlMzA==",
      "dev": true,
      "requires": {
        "picomatch": "^2.2.1"
      }
    },
    "resize-observer-polyfill": {
      "version": "1.5.1",
      "resolved": "https://registry.npmjs.org/resize-observer-polyfill/-/resize-observer-polyfill-1.5.1.tgz",
      "integrity": "sha512-LwZrotdHOo12nQuZlHEmtuXdqGoOD0OhaxopaNFxWzInpEgaLWoVuAMbTzixuosCx2nEG58ngzW3vxdWoxIgdg==",
      "dev": true
    },
    "resolve": {
      "version": "1.20.0",
      "resolved": "https://registry.npmjs.org/resolve/-/resolve-1.20.0.tgz",
      "integrity": "sha512-wENBPt4ySzg4ybFQW2TT1zMQucPK95HSh/nq2CFTZVOGut2+pQvSsgtda4d26YrYcr067wjbmzOG8byDPBX63A==",
      "dev": true,
      "requires": {
        "is-core-module": "^2.2.0",
        "path-parse": "^1.0.6"
      }
    },
    "rollup": {
      "version": "2.58.0",
      "resolved": "https://registry.npmjs.org/rollup/-/rollup-2.58.0.tgz",
      "integrity": "sha512-NOXpusKnaRpbS7ZVSzcEXqxcLDOagN6iFS8p45RkoiMqPHDLwJm758UF05KlMoCRbLBTZsPOIa887gZJ1AiXvw==",
      "dev": true,
      "requires": {
        "fsevents": "~2.3.2"
      }
    },
    "sass": {
      "version": "1.49.0",
      "resolved": "https://registry.npmjs.org/sass/-/sass-1.49.0.tgz",
      "integrity": "sha512-TVwVdNDj6p6b4QymJtNtRS2YtLJ/CqZriGg0eIAbAKMlN8Xy6kbv33FsEZSF7FufFFM705SQviHjjThfaQ4VNw==",
      "dev": true,
      "requires": {
        "chokidar": ">=3.0.0 <4.0.0",
        "immutable": "^4.0.0",
        "source-map-js": ">=0.6.2 <2.0.0"
      }
    },
    "seemly": {
      "version": "0.3.3",
      "resolved": "https://registry.npmjs.org/seemly/-/seemly-0.3.3.tgz",
      "integrity": "sha512-mAyqemz41e9HiZPMXAn7NtTExJgztwco5cdZjrt/iViU/oFeav+Q8K1c93M/tIZZ00QkT65JMr4xXQk7Vv5hWQ==",
      "dev": true,
      "requires": {
        "@types/jest": "^27.0.1"
      }
    },
    "source-map": {
      "version": "0.6.1",
      "resolved": "https://registry.npmjs.org/source-map/-/source-map-0.6.1.tgz",
      "integrity": "sha512-UjgapumWlbMhkBgzT7Ykc5YXUT46F0iKu8SGXq0bcwP5dz/h0Plj6enJqjz1Zbq2l5WaqYnrVbwWOWMyF3F47g=="
    },
    "source-map-js": {
      "version": "0.6.2",
      "resolved": "https://registry.npmjs.org/source-map-js/-/source-map-js-0.6.2.tgz",
      "integrity": "sha512-/3GptzWzu0+0MBQFrDKzw/DvvMTUORvgY6k6jd/VS6iCR4RDTKWH6v6WPwQoUO8667uQEf9Oe38DxAYWY5F/Ug=="
    },
    "sourcemap-codec": {
      "version": "1.4.8",
      "resolved": "https://registry.npmjs.org/sourcemap-codec/-/sourcemap-codec-1.4.8.tgz",
      "integrity": "sha512-9NykojV5Uih4lgo5So5dtw+f0JgJX30KCNI8gwhz2J9A15wD0Ml6tjHKwf6fTSa6fAdVBdZeNOs9eJ71qCk8vA=="
    },
    "ssf": {
      "version": "0.11.2",
      "resolved": "https://registry.npmjs.org/ssf/-/ssf-0.11.2.tgz",
      "integrity": "sha512-+idbmIXoYET47hH+d7dfm2epdOMUDjqcB4648sTZ+t2JwoyBFL/insLfB/racrDmsKB3diwsDA696pZMieAC5g==",
      "requires": {
        "frac": "~1.1.2"
      }
    },
    "supports-color": {
      "version": "7.2.0",
      "resolved": "https://registry.npmjs.org/supports-color/-/supports-color-7.2.0.tgz",
      "integrity": "sha512-qpCAvRl9stuOHveKsn7HncJRvv501qIacKzQlO/+Lwxc9+0q2wLyv4Dfvt80/DPn2pqOBsJdDiogXGR9+OvwRw==",
      "dev": true,
      "requires": {
        "has-flag": "^4.0.0"
      }
    },
    "to-regex-range": {
      "version": "5.0.1",
      "resolved": "https://registry.npmjs.org/to-regex-range/-/to-regex-range-5.0.1.tgz",
      "integrity": "sha512-65P7iz6X5yEr1cwcgvQxbbIw7Uk3gOy5dIdtZ4rDveLqhrdJP+Li/Hx6tyK0NEb+2GCyneCMJiGqrADCSNk8sQ==",
      "dev": true,
      "requires": {
        "is-number": "^7.0.0"
      }
    },
    "treemate": {
      "version": "0.3.10",
      "resolved": "https://registry.npmjs.org/treemate/-/treemate-0.3.10.tgz",
      "integrity": "sha512-uxN98H84/zXAkn02rEeip9SNnOR889QIBXfpZnwjaanp8JRElxjdmDaKmVULclrn54J8RcJVCqfeQZsdeMjwow==",
      "dev": true
    },
    "vdirs": {
      "version": "0.1.7",
      "resolved": "https://registry.npmjs.org/vdirs/-/vdirs-0.1.7.tgz",
      "integrity": "sha512-MEUaLhV1jJyUqA2Ar4DfvlQx8jWs+PpCZ2dbM0ILelpMWGOybzt8ddL456VxeIbY/tkuDGT/Wzb8GG4LCuLuHw==",
      "dev": true,
      "requires": {
        "evtd": "^0.2.2"
      }
    },
    "vfonts": {
      "version": "0.0.3",
      "resolved": "https://registry.npmjs.org/vfonts/-/vfonts-0.0.3.tgz",
      "integrity": "sha512-nguyw8L6Un8eelg1vQ31vIU2ESxqid7EYmy8V+MDeMaHBqaRSkg3dTBToC1PR00D89UzS/SLkfYPnx0Wf23IQQ==",
      "dev": true
    },
    "vite": {
      "version": "2.6.5",
      "resolved": "https://registry.npmjs.org/vite/-/vite-2.6.5.tgz",
      "integrity": "sha512-vavXMChDUb4Oh4YunrK9BrH5Ox74cu0eOp0VuyI/iqFz1FqbWD72So2c9I87lLL2n0+6tFPV5ijow60KrtxuZg==",
      "dev": true,
      "requires": {
        "esbuild": "^0.13.2",
        "fsevents": "~2.3.2",
        "postcss": "^8.3.8",
        "resolve": "^1.20.0",
        "rollup": "^2.57.0"
      }
    },
    "vooks": {
      "version": "0.2.12",
      "resolved": "https://registry.npmjs.org/vooks/-/vooks-0.2.12.tgz",
      "integrity": "sha512-iox0I3RZzxtKlcgYaStQYKEzWWGAduMmq+jS7OrNdQo1FgGfPMubGL3uGHOU9n97NIvfFDBGnpSvkWyb/NSn/Q==",
      "dev": true,
      "requires": {
        "evtd": "^0.2.2"
      }
    },
    "vue": {
      "version": "3.2.20",
      "resolved": "https://registry.npmjs.org/vue/-/vue-3.2.20.tgz",
      "integrity": "sha512-81JjEP4OGk9oO8+CU0h2nFPGgJBm9mNa3kdCX2k6FuRdrWrC+CNe+tOnuIeTg8EWwQuI+wwdra5Q7vSzp7p4Iw==",
      "requires": {
        "@vue/compiler-dom": "3.2.20",
        "@vue/compiler-sfc": "3.2.20",
        "@vue/runtime-dom": "3.2.20",
        "@vue/server-renderer": "3.2.20",
        "@vue/shared": "3.2.20"
      }
    },
    "vue-router": {
      "version": "4.0.12",
      "resolved": "https://registry.npmjs.org/vue-router/-/vue-router-4.0.12.tgz",
      "integrity": "sha512-CPXvfqe+mZLB1kBWssssTiWg4EQERyqJZes7USiqfW9B5N2x+nHlnsM1D3b5CaJ6qgCvMmYJnz+G0iWjNCvXrg==",
      "requires": {
        "@vue/devtools-api": "^6.0.0-beta.18"
      }
    },
    "vueuc": {
      "version": "0.4.24",
      "resolved": "https://registry.npmjs.org/vueuc/-/vueuc-0.4.24.tgz",
      "integrity": "sha512-AocMRepM9x78GOZi6m/1WLHfarwtNbMQeFl4N/XQoft5iewUq0x2Tw/F0CbxMSrCVSKgBas47tZFabp4kYADmQ==",
      "dev": true,
      "requires": {
        "css-render": "^0.15.7",
        "evtd": "^0.2.2",
        "resize-observer-polyfill": "^1.5.1",
        "seemly": "^0.3.1",
        "vdirs": "^0.1.4",
        "vooks": "^0.2.4"
      }
    },
    "wmf": {
      "version": "1.0.2",
      "resolved": "https://registry.npmjs.org/wmf/-/wmf-1.0.2.tgz",
      "integrity": "sha512-/p9K7bEh0Dj6WbXg4JG0xvLQmIadrner1bi45VMJTfnbVHsc7yIajZyoSoK60/dtVBs12Fm6WkUI5/3WAVsNMw=="
    },
    "word": {
      "version": "0.3.0",
      "resolved": "https://registry.npmjs.org/word/-/word-0.3.0.tgz",
      "integrity": "sha512-OELeY0Q61OXpdUfTp+oweA/vtLVg5VDOXh+3he3PNzLGG/y0oylSOC1xRVj0+l4vQ3tj/bB1HVHv1ocXkQceFA=="
    },
    "xlsx": {
      "version": "0.17.5",
      "resolved": "https://registry.npmjs.org/xlsx/-/xlsx-0.17.5.tgz",
      "integrity": "sha512-lXNU0TuYsvElzvtI6O7WIVb9Zar1XYw7Xb3VAx2wn8N/n0whBYrCnHMxtFyIiUU1Wjf09WzmLALDfBO5PqTb1g==",
      "requires": {
        "adler-32": "~1.2.0",
        "cfb": "^1.1.4",
        "codepage": "~1.15.0",
        "crc-32": "~1.2.0",
        "ssf": "~0.11.2",
        "wmf": "~1.0.1",
        "word": "~0.3.0"
      }
    }
  }
}
